
Microsoft Visual Studio Solution File, Format Version 12.00
# Visual Studio Version 16
VisualStudioVersion = 16.0.31624.102
MinimumVisualStudioVersion = 10.0.40219.1
Project("{FAE04EC0-301F-11D3-BF4B-00C04F79EFBC}") = "RickAndMorty", "RickAndMorty\RickAndMorty.csproj", "{D1831533-AA89-4F3A-BF4A-42531102657E}"
EndProject
Global
	GlobalSection(SolutionConfigurationPlatforms) = preSolution
		Debug|Any CPU = Debug|Any CPU
		Release|Any CPU = Release|Any CPU
	EndGlobalSection
	GlobalSection(ProjectConfigurationPlatforms) = postSolution
		{D1831533-AA89-4F3A-BF4A-42531102657E}.Debug|Any CPU.ActiveCfg = Debug|Any CPU
		{D1831533-AA89-4F3A-BF4A-42531102657E}.Debug|Any CPU.Build.0 = Debug|Any CPU
		{D1831533-AA89-4F3A-BF4A-42531102657E}.Release|Any CPU.ActiveCfg = Release|Any CPU
		{D1831533-AA89-4F3A-BF4A-42531102657E}.Release|Any CPU.Build.0 = Release|Any CPU
	EndGlobalSection
	GlobalSection(SolutionProperties) = preSolution
		HideSolutionNode = FALSE
	EndGlobalSection
	GlobalSection(ExtensibilityGlobals) = postSolution
		SolutionGuid = {C3A23490-4423-4157-9457-FA1D6BC01A73}
	EndGlobalSection
EndGlobal
